# This file is @generated by PDM.
# It is not intended for manual editing.

[metadata]
groups = ["default"]
strategy = []
lock_version = "4.5.0"
content_hash = "sha256:4df223b4cdb51d6a60904ca4020107c51f8e71d9adc95c4f5ab71ed6642b3077"

[[metadata.targets]]
requires_python = ">=3.13,<3.14"

[[package]]
name = "annotated-doc"
version = "0.0.4"
summary = ""
files = [
    {file = "annotated_doc-0.0.4-py3-none-any.whl", hash = "sha256:571ac1dc6991c450b25a9c2d84a3705e2ae7a53467b5d111c24fa8baabbed320"},
    {file = "annotated_doc-0.0.4.tar.gz", hash = "sha256:fbcda96e87e9c92ad167c2e53839e57503ecfda18804ea28102353485033faa4"},
]

[[package]]
name = "annotated-types"
version = "0.7.0"
summary = ""
files = [
    {file = "annotated_types-0.7.0-py3-none-any.whl", hash = "sha256:1f02e8b43a8fbbc3f3e0d4f0f4bfc8131bcb4eebe8849b8e5c773f3a1c582a53"},
    {file = "annotated_types-0.7.0.tar.gz", hash = "sha256:aff07c09a53a08bc8cfccb9c85b05f1aa9a2a6f23728d790723543408344ce89"},
]

[[package]]
name = "anyio"
version = "4.13.0"
summary = ""
dependencies = [
    "idna",
]
files = [
    {file = "anyio-4.13.0-py3-none-any.whl", hash = "sha256:08b310f9e24a9594186fd75b4f73f4a4152069e3853f1ed8bfbf58369f4ad708"},
    {file = "anyio-4.13.0.tar.gz", hash = "sha256:334b70e641fd2221c1505b3890c69882fe4a2df910cba14d97019b90b24439dc"},
]

[[package]]
name = "certifi"
version = "2026.5.20"
summary = ""
files = [
    {file = "certifi-2026.5.20-py3-none-any.whl", hash = "sha256:3c52e209ba0a4ad7aebe60436a4ab349c39e1e602e8c134221e546902ad25897"},
    {file = "certifi-2026.5.20.tar.gz", hash = "sha256:69dea482ab64caa7b9f6aba1c6bf48bb6a5448d1c0f1b17ab42ad8c763a5344d"},
]

[[package]]
name = "click"
version = "8.4.1"
summary = ""
dependencies = [
    "colorama; sys_platform == \"win32\"",
]
files = [
    {file = "click-8.4.1-py3-none-any.whl", hash = "sha256:482be17c6991b8c19c5429a1e995d9b0efdbb63172824c41f99965dc0ade8ec2"},
    {file = "click-8.4.1.tar.gz", hash = "sha256:918b5633eddf6b41c32d4f454bf0de810065c74e3f7dbf8ee5452f8be88d3e96"},
]

[[package]]
name = "colorama"
version = "0.4.6"
summary = ""
files = [
    {file = "colorama-0.4.6-py2.py3-none-any.whl", hash = "sha256:4f1d9991f5acc0ca119f9d443620b77f9d6b33703e51011c16baf57afb285fc6"},
    {file = "colorama-0.4.6.tar.gz", hash = "sha256:08695f5cb7ed6e0531a20572697297273c47b8cae5a63ffc6d6ed5c201be6e44"},
]

[[package]]
name = "fastapi"
version = "0.136.3"
summary = ""
dependencies = [
    "annotated-doc",
    "pydantic",
    "starlette",
    "typing-extensions",
    "typing-inspection",
]
files = [
    {file = "fastapi-0.136.3-py3-none-any.whl", hash = "sha256:3d2a69bdf04b7e9f3afa292c3bc7a98816bbfafa10bc9b45f3f3700d2f761620"},
    {file = "fastapi-0.136.3.tar.gz", hash = "sha256:e487fae93ad408e6f47641ee4dfe389864fd7bec92e547ea8498fc13f43e83ab"},
]

[[package]]
name = "greenlet"
version = "3.5.1"
summary = ""
files = [
    {file = "greenlet-3.5.1-cp313-cp313-macosx_11_0_universal2.whl", hash = "sha256:51518ff74664078fc51bffcc6fc529b0df5ae58da192691cee765d45ce944a2b"},
    {file = "greenlet-3.5.1-cp313-cp313-manylinux_2_24_aarch64.manylinux_2_28_aarch64.whl", hash = "sha256:1ffdb3c0bb002c99cd8f298957e046c3dbf6006b5b7cdf11a4e19194624a0a0a"},
    {file = "greenlet-3.5.1-cp313-cp313-manylinux_2_24_ppc64le.manylinux_2_28_ppc64le.whl", hash = "sha256:7715a5a2c3378ba602c3a440558261e13a820bb53a82693aacd7b7f6d964e283"},
    {file = "greenlet-3.5.1-cp313-cp313-manylinux_2_24_x86_64.manylinux_2_28_x86_64.whl", hash = "sha256:dc71ff466927a201b08305acac451ebe1aedfcea002f62f1f2f2ac2ac1e6a135"},
    {file = "greenlet-3.5.1-cp313-cp313-musllinux_1_2_aarch64.whl", hash = "sha256:cd443683db272ebaaca03af98c0b063ab30db70ea8a31a1559f35e3f7b744ccd"},
    {file = "greenlet-3.5.1-cp313-cp313-musllinux_1_2_x86_64.whl", hash = "sha256:089fff7a6ce8d9316d1f65ebc00273a56be258c1725b32b94de90a3a979557e1"},
    {file = "greenlet-3.5.1-cp313-cp313-win_amd64.whl", hash = "sha256:110a1ca7b49b014b097f6078272c3f4ed31af45b254de5228b79adba879f6af9"},
    {file = "greenlet-3.5.1-cp313-cp313-win_arm64.whl", hash = "sha256:f16ba1efc0715b680a18b8123d90dad887c6112ae3555b4b5c32c149540c6b4e"},
    {file = "greenlet-3.5.1.tar.gz", hash = "sha256:5a56aeb7d5d9cc4b3a735efb5095bd4b4f6f0e4f93e5ca876d0e2315137b7829"},
]

[[package]]
name = "h11"
version = "0.16.0"
summary = ""
files = [
    {file = "h11-0.16.0-py3-none-any.whl", hash = "sha256:63cf8bbe7522de3bf65932fda1d9c2772064ffb3dae62d55932da54b31cb6c86"},
    {file = "h11-0.16.0.tar.gz", hash = "sha256:4e35b956cf45792e4caa5885e69fba00bdbc6ffafbfa020300e549b208ee5ff1"},
]

[[package]]
name = "httpcore"
version = "1.0.9"
summary = ""
dependencies = [
    "certifi",
    "h11",
]
files = [
    {file = "httpcore-1.0.9-py3-none-any.whl", hash = "sha256:2d400746a40668fc9dec9810239072b40b4484b640a8c38fd654a024c7a1bf55"},
    {file = "httpcore-1.0.9.tar.gz", hash = "sha256:6e34463af53fd2ab5d807f399a9b45ea31c3dfa2276f15a2c3f00afff6e176e8"},
]

[[package]]
name = "httpx"
version = "0.28.1"
summary = ""
dependencies = [
    "anyio",
    "certifi",
    "httpcore",
    "idna",
]
files = [
    {file = "httpx-0.28.1-py3-none-any.whl", hash = "sha256:d909fcccc110f8c7faf814ca82a9a4d816bc5a6dbfea25d6591d6985b8ba59ad"},
    {file = "httpx-0.28.1.tar.gz", hash = "sha256:75e98c5f16b0f35b567856f597f06ff2270a374470a5c2392242528e3e3e42fc"},
]

[[package]]
name = "idna"
version = "3.18"
summary = ""
files = [
    {file = "idna-3.18-py3-none-any.whl", hash = "sha256:7f952cbe720b688055e3f87de14f5c3e5fdaa8bc3928985c4077ca689de849a2"},
    {file = "idna-3.18.tar.gz", hash = "sha256:ffb385a7e039654cef1ab9ef32c6fafe283c0c0467bba1d9029738ce4a14a848"},
]

[[package]]
name = "pydantic"
version = "2.13.4"
summary = ""
dependencies = [
    "annotated-types",
    "pydantic-core",
    "typing-extensions",
    "typing-inspection",
]
files = [
    {file = "pydantic-2.13.4-py3-none-any.whl", hash = "sha256:45a282cde31d808236fd7ea9d919b128653c8b38b393d1c4ab335c62924d9aba"},
    {file = "pydantic-2.13.4.tar.gz", hash = "sha256:c40756b57adaa8b1efeeced5c196f3f3b7c435f90e84ea7f443901bec8099ef6"},
]

[[package]]
name = "pydantic-core"
version = "2.46.4"
summary = ""
dependencies = [
    "typing-extensions",
]
files = [
    {file = "pydantic_core-2.46.4-cp313-cp313-macosx_10_12_x86_64.whl", hash = "sha256:5d5902252db0d3cedf8d4a1bc68f70eeb430f7e4c7104c8c476753519b423008"},
    {file = "pydantic_core-2.46.4-cp313-cp313-macosx_11_0_arm64.whl", hash = "sha256:c94f0688e7b8d0a67abf40e57a7eaaecd17cc9586706a31b76c031f63df052b4"},
    {file = "pydantic_core-2.46.4-cp313-cp313-manylinux_2_17_aarch64.manylinux2014_aarch64.whl", hash = "sha256:f027324c56cd5406ca49c124b0db10e56c69064fec039acc571c29020cc87c76"},
    {file = "pydantic_core-2.46.4-cp313-cp313-manylinux_2_17_armv7l.manylinux2014_armv7l.whl", hash = "sha256:e739fee756ba1010f8bcccb534252e85a35fe45ae92c295a06059ce58b74ccd3"},
    {file = "pydantic_core-2.46.4-cp313-cp313-manylinux_2_17_ppc64le.manylinux2014_ppc64le.whl", hash = "sha256:9d56801be94b86a9da183e5f3766e6310752b99ff647e38b09a9500d88e46e76"},
    {file = "pydantic_core-2.46.4-cp313-cp313-manylinux_2_17_s390x.manylinux2014_s390x.whl", hash = "sha256:2412e734dcb48da14d4e4006b82b46b74f2518b8a26ee7e58c6844a6cd6d03c4"},
    {file = "pydantic_core-2.46.4-cp313-cp313-manylinux_2_17_x86_64.manylinux2014_x86_64.whl", hash = "sha256:9551187363ffc0de2a00b2e47c25aeaeb1020b69b668762966df15fc5659dd5a"},
    {file = "pydantic_core-2.46.4-cp313-cp313-manylinux_2_31_riscv64.whl", hash = "sha256:0186750b482eefa11d7f435892b09c5c606193ef3375bcf94aa00ae6bfb66262"},
    {file = "pydantic_core-2.46.4-cp313-cp313-manylinux_2_5_i686.manylinux1_i686.whl", hash = "sha256:5855698a4856556d86e8e6cd8434bc3ac0314ee8e12089ae0e143f64c6256e4e"},
    {file = "pydantic_core-2.46.4-cp313-cp313-musllinux_1_1_aarch64.whl", hash = "sha256:cbaf13819775b7f769bf4a1f066cb6df7a28d4480081a589828ef190226881cd"},
    {file = "pydantic_core-2.46.4-cp313-cp313-musllinux_1_1_armv7l.whl", hash = "sha256:633147d34cf4550417f12e2b1a0383973bdf5cdfde212cb09e9a581cf10820be"},
    {file = "pydantic_core-2.46.4-cp313-cp313-musllinux_1_1_x86_64.whl", hash = "sha256:82cf5301172168103724d49a1444d3378cb20cdee30b116a1bd6031236298a5d"},
    {file = "pydantic_core-2.46.4-cp313-cp313-win32.whl", hash = "sha256:9fa8ae11da9e2b3126c6426f147e0fba88d96d65921799bb30c6abd1cb2c97fb"},
    {file = "pydantic_core-2.46.4-cp313-cp313-win_amd64.whl", hash = "sha256:6b3ace8194b0e5204818c92802dcdca7fc6d88aabbb799d7c795540d9cd6d292"},
    {file = "pydantic_core-2.46.4-cp313-cp313-win_arm64.whl", hash = "sha256:184c081504d17f1c1066e430e117142b2c77d9448a97f7b65c6ac9fd9aee238d"},
    {file = "pydantic_core-2.46.4.tar.gz", hash = "sha256:62f875393d7f270851f20523dd2e29f082bcc82292d66db2b64ea71f64b6e1c1"},
]

[[package]]
name = "pydantic-settings"
version = "2.14.1"
summary = ""
dependencies = [
    "pydantic",
    "python-dotenv",
    "typing-inspection",
]
files = [
    {file = "pydantic_settings-2.14.1-py3-none-any.whl", hash = "sha256:6e3c7edfd8277687cdc598f56e5cff0e9bfff0910a3749deaa8d4401c3a2b9de"},
    {file = "pydantic_settings-2.14.1.tar.gz", hash = "sha256:e874d3bec7e787b0c9958277956ed9b4dd5de6a80e162188fdaff7c5e26fd5fa"},
]

[[package]]
name = "python-dotenv"
version = "1.2.2"
summary = ""
files = [
    {file = "python_dotenv-1.2.2-py3-none-any.whl", hash = "sha256:1d8214789a24de455a8b8bd8ae6fe3c6b69a5e3d64aa8a8e5d68e694bbcb285a"},
    {file = "python_dotenv-1.2.2.tar.gz", hash = "sha256:2c371a91fbd7ba082c2c1dc1f8bf89ca22564a087c2c287cd9b662adde799cf3"},
]

[[package]]
name = "python-multipart"
version = "0.0.32"
summary = ""
files = [
    {file = "python_multipart-0.0.32-py3-none-any.whl", hash = "sha256:ff6d3f776f16878c894e52e107296ffc890e913c611b1a4ec6c44e2821fe2e23"},
    {file = "python_multipart-0.0.32.tar.gz", hash = "sha256:be54b7f3fa167bb83e4fcd936b887b708f4e57fe75911c02aebf53efaf8d938e"},
]

[[package]]
name = "sqlalchemy"
version = "2.0.50"
summary = ""
dependencies = [
    "greenlet; platform_machine == \"AMD64\" or platform_machine == \"WIN32\" or platform_machine == \"aarch64\" or platform_machine == \"amd64\" or platform_machine == \"ppc64le\" or platform_machine == \"win32\" or platform_machine == \"x86_64\"",
    "typing-extensions",
]
files = [
    {file = "sqlalchemy-2.0.50-cp313-cp313-macosx_11_0_arm64.whl", hash = "sha256:06a9210bdc5f4298cff0781087e2ff45683922252dacc452846373a58761f093"},
    {file = "sqlalchemy-2.0.50-cp313-cp313-manylinux2014_aarch64.manylinux_2_17_aarch64.manylinux_2_28_aarch64.whl", hash = "sha256:8b53784972ade4f8174b9aa661f31a06f8a936d2cfdd602913ff3c6dd40ae873"},
    {file = "sqlalchemy-2.0.50-cp313-cp313-manylinux2014_x86_64.manylinux_2_17_x86_64.manylinux_2_28_x86_64.whl", hash = "sha256:31648fa14460537e768a7303b078e4344d208e0d23e06867c1f376a227ed82db"},
    {file = "sqlalchemy-2.0.50-cp313-cp313-musllinux_1_2_aarch64.whl", hash = "sha256:03f4323c980ad0e918cc9e5369b015f759f4e534db5bbaf4dc36832c10d05064"},
    {file = "sqlalchemy-2.0.50-cp313-cp313-musllinux_1_2_x86_64.whl", hash = "sha256:2b9dcc43afef8ac157cd92fce96985d6b8b0cfbd3df4d666f66b4d55a75d202f"},
    {file = "sqlalchemy-2.0.50-cp313-cp313-win32.whl", hash = "sha256:60922d6599065ddca2c6f376b9aa2f41a6b85a271725e0909490bbc50b1998a5"},
    {file = "sqlalchemy-2.0.50-cp313-cp313-win_amd64.whl", hash = "sha256:287086e67275a212c4582d166a6fb03a65ccc5551d80866270ce0dd9f34eccd3"},
    {file = "sqlalchemy-2.0.50-py3-none-any.whl", hash = "sha256:92064363517a3ff8212b5a93b8c62876579d8dfd1ca5b561335f30152d884fa9"},
    {file = "sqlalchemy-2.0.50.tar.gz", hash = "sha256:af5607d11ef90fd6a5c0549fe0045dce1663d427426bcfb506dcb5346a85a3b9"},
]

[[package]]
name = "starlette"
version = "1.3.1"
summary = ""
dependencies = [
    "anyio",
]
files = [
    {file = "starlette-1.3.1-py3-none-any.whl", hash = "sha256:c7372aae11c3c3f26a42df7bd626cec2f47d03483d261d369516a615a53714c6"},
    {file = "starlette-1.3.1.tar.gz", hash = "sha256:05d0213193f2fbaae60e2ecb593b4add4262ad4e46536b54abe36f11a71724e0"},
]

[[package]]
name = "typing-extensions"
version = "4.15.0"
summary = ""
files = [
    {file = "typing_extensions-4.15.0-py3-none-any.whl", hash = "sha256:f0fa19c6845758ab08074a0cfa8b7aecb71c999ca73d62883bc25cc018c4e548"},
    {file = "typing_extensions-4.15.0.tar.gz", hash = "sha256:0cea48d173cc12fa28ecabc3b837ea3cf6f38c6d1136f85cbaaf598984861466"},
]

[[package]]
name = "typing-inspection"
version = "0.4.2"
summary = ""
dependencies = [
    "typing-extensions",
]
files = [
    {file = "typing_inspection-0.4.2-py3-none-any.whl", hash = "sha256:4ed1cacbdc298c220f1bd249ed5287caa16f34d44ef4e9c3d0cbad5b521545e7"},
    {file = "typing_inspection-0.4.2.tar.gz", hash = "sha256:ba561c48a67c5958007083d386c3295464928b01faa735ab8547c5692e87f464"},
]

[[package]]
name = "uvicorn"
version = "0.49.0"
summary = ""
dependencies = [
    "click",
    "h11",
]
files = [
    {file = "uvicorn-0.49.0-py3-none-any.whl", hash = "sha256:ba3d14c3ee7e41c6c654c46c9eb489d33213cdd30aa1696eab1374337c13f68f"},
    {file = "uvicorn-0.49.0.tar.gz", hash = "sha256:ebf4271aa580d9de97f93192d4595176df6e91f9aae919ca73e4fc07df1e66a3"},
]
